<Solution>
  <Folder Name="/build/">
    <File Path=".gitkeep3" />
  </Folder>
  <Folder Name="/docs/">
    <File Path=".gitkeep2" />
  </Folder>
  <Folder Name="/Solution Items/">
    <File Path=".editorconfig" />
    <File Path=".gitignore" />
    <File Path="global.json" />
    <File Path="NuGet.config" />
  </Folder>
  <Folder Name="/src/">
    <Project Path="Infrastructure.Api/Infrastructure.Api.csproj" />
    <Project Path="Instartups.Application/Instartups.Application.csproj" />
    <Project Path="Instartups.Domain/Instartups.Domain.csproj" />
    <Project Path="Instartups.Infrastructure/Instartups.Infrastructure.csproj" />
  </Folder>
  <Folder Name="/tests/">
    <File Path=".gitkeep" />
  </Folder>
</Solution>
