<Solution>
  <Folder Name="/build/" />
  <Folder Name="/docs/" />
  <Folder Name="/Solution Items/">
    <File Path=".editorconfig" />
    <File Path=".gitignore" />
    <File Path="global.json" />
  </Folder>
  <Folder Name="/src/">
    <Project Path="Instartups.Application/Instartups.Application.csproj" />
    <Project Path="Instartups.Domain/Instartups.Domain.csproj" />
    <Project Path="Instartups.Infrastructure/Instartups.Infrastructure.csproj" />
  </Folder>
  <Folder Name="/tests/" />
</Solution>
